
Microsoft Visual Studio Solution File, Format Version 12.00
# Visual Studio Version 16
VisualStudioVersion = 16.0.31025.194
MinimumVisualStudioVersion = 10.0.40219.1
Project("{FAE04EC0-301F-11D3-BF4B-00C04F79EFBC}") = "PR-7", "PR-7.csproj", "{8DC8954E-E667-4952-98EE-AC8A1BFDAD59}"
EndProject
Global
	GlobalSection(SolutionConfigurationPlatforms) = preSolution
		Debug|Any CPU = Debug|Any CPU
		Release|Any CPU = Release|Any CPU
	EndGlobalSection
	GlobalSection(ProjectConfigurationPlatforms) = postSolution
		{8DC8954E-E667-4952-98EE-AC8A1BFDAD59}.Debug|Any CPU.ActiveCfg = Debug|Any CPU
		{8DC8954E-E667-4952-98EE-AC8A1BFDAD59}.Debug|Any CPU.Build.0 = Debug|Any CPU
		{8DC8954E-E667-4952-98EE-AC8A1BFDAD59}.Release|Any CPU.ActiveCfg = Release|Any CPU
		{8DC8954E-E667-4952-98EE-AC8A1BFDAD59}.Release|Any CPU.Build.0 = Release|Any CPU
	EndGlobalSection
	GlobalSection(SolutionProperties) = preSolution
		HideSolutionNode = FALSE
	EndGlobalSection
	GlobalSection(ExtensibilityGlobals) = postSolution
		SolutionGuid = {2F105FA9-151D-46DA-88AB-05D9E238E351}
	EndGlobalSection
EndGlobal
