
Microsoft Visual Studio Solution File, Format Version 12.00
# Visual Studio Version 16
VisualStudioVersion = 16.0.29709.97
MinimumVisualStudioVersion = 10.0.40219.1
Project("{FAE04EC0-301F-11D3-BF4B-00C04F79EFBC}") = "WindowsFormsApp1", "WindowsFormsApp1\WindowsFormsApp1.csproj", "{763ED6F1-EC2F-428B-98DC-DD8A887AE7F1}"
EndProject
Global
	GlobalSection(SolutionConfigurationPlatforms) = preSolution
		Debug|Any CPU = Debug|Any CPU
		Release|Any CPU = Release|Any CPU
	EndGlobalSection
	GlobalSection(ProjectConfigurationPlatforms) = postSolution
		{763ED6F1-EC2F-428B-98DC-DD8A887AE7F1}.Debug|Any CPU.ActiveCfg = Debug|Any CPU
		{763ED6F1-EC2F-428B-98DC-DD8A887AE7F1}.Debug|Any CPU.Build.0 = Debug|Any CPU
		{763ED6F1-EC2F-428B-98DC-DD8A887AE7F1}.Release|Any CPU.ActiveCfg = Release|Any CPU
		{763ED6F1-EC2F-428B-98DC-DD8A887AE7F1}.Release|Any CPU.Build.0 = Release|Any CPU
	EndGlobalSection
	GlobalSection(SolutionProperties) = preSolution
		HideSolutionNode = FALSE
	EndGlobalSection
	GlobalSection(ExtensibilityGlobals) = postSolution
		SolutionGuid = {BF46ABB5-781E-4953-A8E1-5688E18F9BE6}
	EndGlobalSection
EndGlobal
